
Microsoft Visual Studio Solution File, Format Version 12.00
# Visual Studio Version 17
VisualStudioVersion = 17.1.32407.343
MinimumVisualStudioVersion = 10.0.40219.1
Project("{FAE04EC0-301F-11D3-BF4B-00C04F79EFBC}") = "WcfServices", "WcfService1\WcfServices.csproj", "{A0858103-9910-41CD-ACBF-12BF07E3F165}"
EndProject
Project("{FAE04EC0-301F-11D3-BF4B-00C04F79EFBC}") = "Server", "Server2\Server.csproj", "{677083E7-24D4-4252-B45C-697ED5A71127}"
EndProject
Project("{FAE04EC0-301F-11D3-BF4B-00C04F79EFBC}") = "Client", "Client\Client.csproj", "{C5707BBB-545E-4CDC-961D-A27F1CFCCA00}"
EndProject
Global
	GlobalSection(SolutionConfigurationPlatforms) = preSolution
		Debug|Any CPU = Debug|Any CPU
		Release|Any CPU = Release|Any CPU
	EndGlobalSection
	GlobalSection(ProjectConfigurationPlatforms) = postSolution
		{A0858103-9910-41CD-ACBF-12BF07E3F165}.Debug|Any CPU.ActiveCfg = Debug|Any CPU
		{A0858103-9910-41CD-ACBF-12BF07E3F165}.Debug|Any CPU.Build.0 = Debug|Any CPU
		{A0858103-9910-41CD-ACBF-12BF07E3F165}.Release|Any CPU.ActiveCfg = Release|Any CPU
		{A0858103-9910-41CD-ACBF-12BF07E3F165}.Release|Any CPU.Build.0 = Release|Any CPU
		{677083E7-24D4-4252-B45C-697ED5A71127}.Debug|Any CPU.ActiveCfg = Debug|Any CPU
		{677083E7-24D4-4252-B45C-697ED5A71127}.Debug|Any CPU.Build.0 = Debug|Any CPU
		{677083E7-24D4-4252-B45C-697ED5A71127}.Release|Any CPU.ActiveCfg = Release|Any CPU
		{677083E7-24D4-4252-B45C-697ED5A71127}.Release|Any CPU.Build.0 = Release|Any CPU
		{C5707BBB-545E-4CDC-961D-A27F1CFCCA00}.Debug|Any CPU.ActiveCfg = Debug|Any CPU
		{C5707BBB-545E-4CDC-961D-A27F1CFCCA00}.Debug|Any CPU.Build.0 = Debug|Any CPU
		{C5707BBB-545E-4CDC-961D-A27F1CFCCA00}.Release|Any CPU.ActiveCfg = Release|Any CPU
		{C5707BBB-545E-4CDC-961D-A27F1CFCCA00}.Release|Any CPU.Build.0 = Release|Any CPU
	EndGlobalSection
	GlobalSection(SolutionProperties) = preSolution
		HideSolutionNode = FALSE
	EndGlobalSection
	GlobalSection(ExtensibilityGlobals) = postSolution
		SolutionGuid = {2381C19D-6B2D-4F83-B542-C3D5BF994FB5}
	EndGlobalSection
EndGlobal
